// !$*UTF8*$!
{
	archiveVersion = 1;
	classes = {
	};
	objectVersion = 46;
	objects = {

/* Begin PBXBuildFile section */
		3ABD5B961BCF87B6007E6E3A /* main.swift in Sources */ = {isa = PBXBuildFile; fileRef = 3ABD5B951BCF87B6007E6E3A /* main.swift */; };
/* End PBXBuildFile section */

/* Begin PBXCopyFilesBuildPhase section */
		3ABD5B901BCF87B6007E6E3A /* CopyFiles */ = {
			isa = PBXCopyFilesBuildPhase;
			buildActionMask = 2147483647;
			dstPath = /usr/share/man/man1/;
			dstSubfolderSpec = 0;
			files = (
			);
			runOnlyForDeploymentPostprocessing = 1;
		};
/* End PBXCopyFilesBuildPhase section */

/* Begin PBXFileReference section */
		3ABD5B921BCF87B6007E6E3A /* DomainModeling */ = {isa = PBXFileReference; explicitFileType = "compiled.mach-o.executable"; includeInIndex = 0; path = DomainModeling; sourceTree = BUILT_PRODUCTS_DIR; };
		3ABD5B951BCF87B6007E6E3A /* main.swift */ = {isa = PBXFileReference; lastKnownFileType = sourcecode.swift; path = main.swift; sourceTree = "<group>"; };
/* End PBXFileReference section */

/* Begin PBXFrameworksBuildPhase section */
		3ABD5B8F1BCF87B6007E6E3A /* Frameworks */ = {
			isa = PBXFrameworksBuildPhase;
			buildActionMask = 2147483647;
			files = (
			);
			runOnlyForDeploymentPostprocessing = 0;
		};
/* End PBXFrameworksBuildPhase section */

/* Begin PBXGroup section */
		3ABD5B891BCF87B6007E6E3A = {
			isa = PBXGroup;
			children = (
				3ABD5B941BCF87B6007E6E3A /* DomainModeling */,
				3ABD5B931BCF87B6007E6E3A /* Products */,
			);
			sourceTree = "<group>";
		};
		3ABD5B931BCF87B6007E6E3A /* Products */ = {
			isa = PBXGroup;
			children = (
				3ABD5B921BCF87B6007E6E3A /* DomainModeling */,
			);
			name = Products;
			sourceTree = "<group>";
		};
		3ABD5B941BCF87B6007E6E3A /* DomainModeling */ = {
			isa = PBXGroup;
			children = (
				3ABD5B951BCF87B6007E6E3A /* main.swift */,
			);
			path = DomainModeling;
			sourceTree = "<group>";
		};
/* End PBXGroup section */

/* Begin PBXNativeTarget section */
		3ABD5B911BCF87B6007E6E3A /* DomainModeling */ = {
			isa = PBXNativeTarget;
			buildConfigurationList = 3ABD5B991BCF87B6007E6E3A /* Build configuration list for PBXNativeTarget "DomainModeling" */;
			buildPhases = (
				3ABD5B8E1BCF87B6007E6E3A /* Sources */,
				3ABD5B8F1BCF87B6007E6E3A /* Frameworks */,
				3ABD5B901BCF87B6007E6E3A /* CopyFiles */,
			);
			buildRules = (
			);
			dependencies = (
			);
			name = DomainModeling;
			productName = DomainModeling;
			productReference = 3ABD5B921BCF87B6007E6E3A /* DomainModeling */;
			productType = "com.apple.product-type.tool";
		};
/* End PBXNativeTarget section */

/* Begin PBXProject section */
		3ABD5B8A1BCF87B6007E6E3A /* Project object */ = {
			isa = PBXProject;
			attributes = {
				LastUpgradeCheck = 0700;
				ORGANIZATIONNAME = "Xiangyu Ju";
				TargetAttributes = {
					3ABD5B911BCF87B6007E6E3A = {
						CreatedOnToolsVersion = 7.0.1;
					};
				};
			};
			buildConfigurationList = 3ABD5B8D1BCF87B6007E6E3A /* Build configuration list for PBXProject "DomainModeling" */;
			compatibilityVersion = "Xcode 3.2";
			developmentRegion = English;
			hasScannedForEncodings = 0;
			knownRegions = (
				en,
			);
			mainGroup = 3ABD5B891BCF87B6007E6E3A;
			productRefGroup = 3ABD5B931BCF87B6007E6E3A /* Products */;
			projectDirPath = "";
			projectRoot = "";
			targets = (
				3ABD5B911BCF87B6007E6E3A /* DomainModeling */,
			);
		};
/* End PBXProject section */

/* Begin PBXSourcesBuildPhase section */
		3ABD5B8E1BCF87B6007E6E3A /* Sources */ = {
			isa = PBXSourcesBuildPhase;
			buildActionMask = 2147483647;
			files = (
				3ABD5B961BCF87B6007E6E3A /* main.swift in Sources */,
			);
			runOnlyForDeploymentPostprocessing = 0;
		};
/* End PBXSourcesBuildPhase section */

/* Begin XCBuildConfiguration section */
		3ABD5B971BCF87B6007E6E3A /* Debug */ = {
			isa = XCBuildConfiguration;
			buildSettings = {
				ALWAYS_SEARCH_USER_PATHS = NO;
				CLANG_CXX_LANGUAGE_STANDARD = "gnu++0x";
				CLANG_CXX_LIBRARY = "libc++";
				CLANG_ENABLE_MODULES = YES;
				CLANG_ENABLE_OBJC_ARC = YES;
				CLANG_WARN_BOOL_CONVERSION = YES;
				CLANG_WARN_CONSTANT_CONVERSION = YES;
				CLANG_WARN_DIRECT_OBJC_ISA_USAGE = YES_ERROR;
				CLANG_WARN_EMPTY_BODY = YES;
				CLANG_WARN_ENUM_CONVERSION = YES;
				CLANG_WARN_INT_CONVERSION = YES;
				CLANG_WARN_OBJC_ROOT_CLASS = YES_ERROR;
				CLANG_WARN_UNREACHABLE_CODE = YES;
				CLANG_WARN__DUPLICATE_METHOD_MATCH = YES;
				COPY_PHASE_STRIP = NO;
				DEBUG_INFORMATION_FORMAT = dwarf;
				ENABLE_STRICT_OBJC_MSGSEND = YES;
				ENABLE_TESTABILITY = YES;
				GCC_C_LANGUAGE_STANDARD = gnu99;
				GCC_DYNAMIC_NO_PIC = NO;
				GCC_NO_COMMON_BLOCKS = YES;
				GCC_OPTIMIZATION_LEVEL = 0;
				GCC_PREPROCESSOR_DEFINITIONS = (
					"DEBUG=1",
					"$(inherited)",
				);
				GCC_WARN_64_TO_32_BIT_CONVERSION = YES;
				GCC_WARN_ABOUT_RETURN_TYPE = YES_ERROR;
				GCC_WARN_UNDECLARED_SELECTOR = YES;
				GCC_WARN_UNINITIALIZED_AUTOS = YES_AGGRESSIVE;
				GCC_WARN_UNUSED_FUNCTION = YES;
				GCC_WARN_UNUSED_VARIABLE = YES;
				MACOSX_DEPLOYMENT_TARGET = 10.11;
				MTL_ENABLE_DEBUG_INFO = YES;
				ONLY_ACTIVE_ARCH = YES;
				SDKROOT = macosx;
				SWIFT_OPTIMIZATION_LEVEL = "-Onone";
			};
			name = Debug;
		};
		3ABD5B981BCF87B6007E6E3A /* Release */ = {
			isa = XCBuildConfiguration;
			buildSettings = {
				ALWAYS_SEARCH_USER_PATHS = NO;
				CLANG_CXX_LANGUAGE_STANDARD = "gnu++0x";
				CLANG_CXX_LIBRARY = "libc++";
				CLANG_ENABLE_MODULES = YES;
				CLANG_ENABLE_OBJC_ARC = YES;
				CLANG_WARN_BOOL_CONVERSION = YES;
				CLANG_WARN_CONSTANT_CONVERSION = YES;
				CLANG_WARN_DIRECT_OBJC_ISA_USAGE = YES_ERROR;
				CLANG_WARN_EMPTY_BODY = YES;
				CLANG_WARN_ENUM_CONVERSION = YES;
				CLANG_WARN_INT_CONVERSION = YES;
				CLANG_WARN_OBJC_ROOT_CLASS = YES_ERROR;
				CLANG_WARN_UNREACHABLE_CODE = YES;
				CLANG_WARN__DUPLICATE_METHOD_MATCH = YES;
				COPY_PHASE_STRIP = NO;
				DEBUG_INFORMATION_FORMAT = "dwarf-with-dsym";
				ENABLE_NS_ASSERTIONS = NO;
				ENABLE_STRICT_OBJC_MSGSEND = YES;
				GCC_C_LANGUAGE_STANDARD = gnu99;
				GCC_NO_COMMON_BLOCKS = YES;
				GCC_WARN_64_TO_32_BIT_CONVERSION = YES;
				GCC_WARN_ABOUT_RETURN_TYPE = YES_ERROR;
				GCC_WARN_UNDECLARED_SELECTOR = YES;
				GCC_WARN_UNINITIALIZED_AUTOS = YES_AGGRESSIVE;
				GCC_WARN_UNUSED_FUNCTION = YES;
				GCC_WARN_UNUSED_VARIABLE = YES;
				MACOSX_DEPLOYMENT_TARGET = 10.11;
				MTL_ENABLE_DEBUG_INFO = NO;
				SDKROOT = macosx;
			};
			name = Release;
		};
		3ABD5B9A1BCF87B6007E6E3A /* Debug */ = {
			isa = XCBuildConfiguration;
			buildSettings = {
				PRODUCT_NAME = "$(TARGET_NAME)";
			};
			name = Debug;
		};
		3ABD5B9B1BCF87B6007E6E3A /* Release */ = {
			isa = XCBuildConfiguration;
			buildSettings = {
				PRODUCT_NAME = "$(TARGET_NAME)";
			};
			name = Release;
		};
/* End XCBuildConfiguration section */

/* Begin XCConfigurationList section */
		3ABD5B8D1BCF87B6007E6E3A /* Build configuration list for PBXProject "DomainModeling" */ = {
			isa = XCConfigurationList;
			buildConfigurations = (
				3ABD5B971BCF87B6007E6E3A /* Debug */,
				3ABD5B981BCF87B6007E6E3A /* Release */,
			);
			defaultConfigurationIsVisible = 0;
			defaultConfigurationName = Release;
		};
		3ABD5B991BCF87B6007E6E3A /* Build configuration list for PBXNativeTarget "DomainModeling" */ = {
			isa = XCConfigurationList;
			buildConfigurations = (
				3ABD5B9A1BCF87B6007E6E3A /* Debug */,
				3ABD5B9B1BCF87B6007E6E3A /* Release */,
			);
			defaultConfigurationIsVisible = 0;
		};
/* End XCConfigurationList section */
	};
	rootObject = 3ABD5B8A1BCF87B6007E6E3A /* Project object */;
}
